{
  "version": 4,
  "terraform_version": "1.2.1",
  "serial": 32,
  "lineage": "48095bcc-73a0-4f19-fe68-bad7a34e3d9f",
  "outputs": {},
  "resources": [
    {
      "module": "module.my_module",
      "mode": "managed",
      "type": "aws_iam_instance_profile",
      "name": "ec2_profile",
      "provider": "provider[\"registry.terraform.io/hashicorp/aws\"]",
      "instances": [
        {
          "schema_version": 0,
          "attributes": {
            "arn": "arn:aws:iam::307549468616:instance-profile/ec2_profile20220630083704616900000004",
            "create_date": "2022-06-30T08:37:05Z",
            "id": "ec2_profile20220630083704616900000004",
            "name": "ec2_profile20220630083704616900000004",
            "name_prefix": "ec2_profile",
            "path": "/",
            "role": "ec2_profile20220630083701435900000002",
            "tags": null,
            "tags_all": {},
            "unique_id": "AIPAUPG3AO7EHIHIALLZF"
          },
          "sensitive_attributes": [],
          "private": "bnVsbA==",
          "dependencies": [
            "module.my_module.aws_iam_role.ec2_profile"
          ]
        }
      ]
    },
    {
      "module": "module.my_module",
      "mode": "managed",
      "type": "aws_iam_role",
      "name": "ec2_profile",
      "provider": "provider[\"registry.terraform.io/hashicorp/aws\"]",
      "instances": [
        {
          "schema_version": 0,
          "attributes": {
            "arn": "arn:aws:iam::307549468616:role/ec2_profile20220630083701435900000002",
            "assume_role_policy": "{\"Version\":\"2012-10-17\",\"Statement\":[{\"Sid\":\"\",\"Effect\":\"Allow\",\"Principal\":{\"Service\":\"ec2.amazonaws.com\"},\"Action\":\"sts:AssumeRole\"}]}",
            "create_date": "2022-06-30T08:37:02Z",
            "description": "",
            "force_detach_policies": false,
            "id": "ec2_profile20220630083701435900000002",
            "inline_policy": [
              {
                "name": "",
                "policy": ""
              }
            ],
            "managed_policy_arns": [],
            "max_session_duration": 3600,
            "name": "ec2_profile20220630083701435900000002",
            "name_prefix": "ec2_profile",
            "path": "/",
            "permissions_boundary": null,
            "tags": null,
            "tags_all": {},
            "unique_id": "AROAUPG3AO7EC44HEIHHM"
          },
          "sensitive_attributes": [],
          "private": "bnVsbA=="
        }
      ]
    },
    {
      "module": "module.my_module",
      "mode": "managed",
      "type": "aws_iam_role_policy_attachment",
      "name": "role-policy-attachment",
      "provider": "provider[\"registry.terraform.io/hashicorp/aws\"]",
      "instances": [
        {
          "index_key": "arn:aws:iam::aws:policy/AmazonSSMManagedInstanceCore",
          "schema_version": 0,
          "attributes": {
            "id": "ec2_profile20220630083701435900000002-20220630083705285500000007",
            "policy_arn": "arn:aws:iam::aws:policy/AmazonSSMManagedInstanceCore",
            "role": "ec2_profile20220630083701435900000002"
          },
          "sensitive_attributes": [],
          "private": "bnVsbA==",
          "dependencies": [
            "module.my_module.aws_iam_role.ec2_profile"
          ]
        },
        {
          "index_key": "arn:aws:iam::aws:policy/EC2InstanceProfileForImageBuilder",
          "schema_version": 0,
          "attributes": {
            "id": "ec2_profile20220630083701435900000002-20220630083705254300000006",
            "policy_arn": "arn:aws:iam::aws:policy/EC2InstanceProfileForImageBuilder",
            "role": "ec2_profile20220630083701435900000002"
          },
          "sensitive_attributes": [],
          "private": "bnVsbA==",
          "dependencies": [
            "module.my_module.aws_iam_role.ec2_profile"
          ]
        },
        {
          "index_key": "arn:aws:iam::aws:policy/EC2InstanceProfileForImageBuilderECRContainerBuilds",
          "schema_version": 0,
          "attributes": {
            "id": "ec2_profile20220630083701435900000002-20220630083705292200000008",
            "policy_arn": "arn:aws:iam::aws:policy/EC2InstanceProfileForImageBuilderECRContainerBuilds",
            "role": "ec2_profile20220630083701435900000002"
          },
          "sensitive_attributes": [],
          "private": "bnVsbA==",
          "dependencies": [
            "module.my_module.aws_iam_role.ec2_profile"
          ]
        }
      ]
    },
    {
      "module": "module.my_module",
      "mode": "managed",
      "type": "aws_imagebuilder_component",
      "name": "image_component",
      "provider": "provider[\"registry.terraform.io/hashicorp/aws\"]",
      "instances": [
        {
          "schema_version": 0,
          "attributes": {
            "arn": "arn:aws:imagebuilder:us-east-1:307549468616:component/image-component/1.0.0/1",
            "change_description": "",
            "data": "\"phases\":\n- \"name\": \"build\"\n  \"steps\":\n  - \"action\": \"ExecuteBash\"\n    \"inputs\":\n      \"commands\":\n      - \"sudo apt update -y\"\n      - \"wget https://d1uj6qtbmh3dt5.cloudfront.net/NICE-GPG-KEY\"\n      - \"gpg --import NICE-GPG-KEY\"\n      - \"wget https://d1uj6qtbmh3dt5.cloudfront.net/2022.0/Servers/nice-dcv-2022.0-12760-ubuntu2004-x86_64.tgz\"\n      - \"wget https://d1uj6qtbmh3dt5.cloudfront.net/nice-dcv-ubuntu2004-x86_64.tgz\"\n      - \"tar -xvzf nice-dcv-2022.0-12760-ubuntu2004-x86_64.tgz\"\n      - \"cd nice-dcv-2022.0-12760-ubuntu2004-x86_64\"\n      - \"sudo apt install ./nice-dcv-server_2022.0.12760-1_amd64.ubuntu2004.deb -y\"\n      - \"sudo apt install ./nice-dcv-web-viewer_2022.0.12760-1_amd64.ubuntu2004.deb\n        -y\"\n      - \"sudo usermod -aG video dcv\"\n      - \"sudo apt install ./nice-xdcv_2022.0.424-1_amd64.ubuntu2004.deb -y\"\n      - \"sudo apt install ./nice-dcv-gl_2022.0.961-1_amd64.ubuntu2004.deb -y\"\n      - \"sudo apt install ./nice-dcv-simple-external-authenticator_2022.0.188-1_amd64.ubuntu2004.deb\n        -y\"\n      - \"sudo apt install nvidia-driver-440 -y\"\n      - \"sudo apt install docker.io -y\"\n      - \"sudo snap install docker\"\n    \"name\": \"package_installation\"\n    \"onFailure\": \"Continue\"\n\"schemaVersion\": 1\n",
            "date_created": "2022-06-30T08:37:02.958Z",
            "description": "",
            "encrypted": true,
            "id": "arn:aws:imagebuilder:us-east-1:307549468616:component/image-component/1.0.0/1",
            "kms_key_id": "",
            "name": "image_component",
            "owner": "307549468616",
            "platform": "Linux",
            "supported_os_versions": null,
            "tags": null,
            "tags_all": {},
            "type": "BUILD",
            "uri": null,
            "version": "1.0.0"
          },
          "sensitive_attributes": [],
          "private": "bnVsbA=="
        }
      ]
    },
    {
      "module": "module.my_module",
      "mode": "managed",
      "type": "aws_imagebuilder_distribution_configuration",
      "name": "distro_conf",
      "provider": "provider[\"registry.terraform.io/hashicorp/aws\"]",
      "instances": [
        {
          "schema_version": 0,
          "attributes": {
            "arn": "arn:aws:imagebuilder:us-east-1:307549468616:distribution-configuration/my-distro",
            "date_created": "2022-06-30T08:37:02.624Z",
            "date_updated": "",
            "description": "",
            "distribution": [
              {
                "ami_distribution_configuration": [
                  {
                    "ami_tags": null,
                    "description": "",
                    "kms_key_id": "",
                    "launch_permission": [],
                    "name": "ami-{{ imagebuilder:buildDate }}",
                    "target_account_ids": []
                  }
                ],
                "container_distribution_configuration": [],
                "license_configuration_arns": [],
                "region": "us-east-1"
              }
            ],
            "id": "arn:aws:imagebuilder:us-east-1:307549468616:distribution-configuration/my-distro",
            "name": "my_distro",
            "tags": null,
            "tags_all": {}
          },
          "sensitive_attributes": [],
          "private": "bnVsbA=="
        }
      ]
    },
    {
      "module": "module.my_module",
      "mode": "managed",
      "type": "aws_imagebuilder_image_pipeline",
      "name": "pipeline",
      "provider": "provider[\"registry.terraform.io/hashicorp/aws\"]",
      "instances": [
        {
          "schema_version": 0,
          "attributes": {
            "arn": "arn:aws:imagebuilder:us-east-1:307549468616:image-pipeline/my-pipeline",
            "date_created": "2022-06-30T08:37:16.010Z",
            "date_last_run": "",
            "date_next_run": "",
            "date_updated": "2022-06-30T08:37:16.010Z",
            "description": "",
            "distribution_configuration_arn": "",
            "enhanced_image_metadata_enabled": true,
            "id": "arn:aws:imagebuilder:us-east-1:307549468616:image-pipeline/my-pipeline",
            "image_recipe_arn": "arn:aws:imagebuilder:us-east-1:307549468616:image-recipe/my-recipe/1.0.0",
            "image_tests_configuration": [
              {
                "image_tests_enabled": true,
                "timeout_minutes": 720
              }
            ],
            "infrastructure_configuration_arn": "arn:aws:imagebuilder:us-east-1:307549468616:infrastructure-configuration/my-infra",
            "name": "my_pipeline",
            "platform": "Linux",
            "schedule": [],
            "status": "DISABLED",
            "tags": null,
            "tags_all": {}
          },
          "sensitive_attributes": [],
          "private": "bnVsbA==",
          "dependencies": [
            "module.my_module.aws_iam_instance_profile.ec2_profile",
            "module.my_module.aws_iam_role.ec2_profile",
            "module.my_module.aws_imagebuilder_component.image_component",
            "module.my_module.aws_imagebuilder_image_recipe.recipe",
            "module.my_module.aws_imagebuilder_infrastructure_configuration.infra_conf"
          ]
        }
      ]
    },
    {
      "module": "module.my_module",
      "mode": "managed",
      "type": "aws_imagebuilder_image_recipe",
      "name": "recipe",
      "provider": "provider[\"registry.terraform.io/hashicorp/aws\"]",
      "instances": [
        {
          "schema_version": 0,
          "attributes": {
            "arn": "arn:aws:imagebuilder:us-east-1:307549468616:image-recipe/my-recipe/1.0.0",
            "block_device_mapping": [],
            "component": [
              {
                "component_arn": "arn:aws:imagebuilder:us-east-1:307549468616:component/image-component/1.0.0/1"
              }
            ],
            "date_created": "2022-06-30T08:37:06.723Z",
            "description": "",
            "id": "arn:aws:imagebuilder:us-east-1:307549468616:image-recipe/my-recipe/1.0.0",
            "name": "my_recipe",
            "owner": "307549468616",
            "parent_image": "arn:aws:imagebuilder:us-east-1:aws:image/ubuntu-server-20-lts-x86/x.x.x",
            "platform": "Linux",
            "tags": null,
            "tags_all": {},
            "user_data_base64": null,
            "version": "1.0.0",
            "working_directory": ""
          },
          "sensitive_attributes": [],
          "private": "bnVsbA==",
          "dependencies": [
            "module.my_module.aws_imagebuilder_component.image_component"
          ]
        }
      ]
    },
    {
      "module": "module.my_module",
      "mode": "managed",
      "type": "aws_imagebuilder_infrastructure_configuration",
      "name": "infra_conf",
      "provider": "provider[\"registry.terraform.io/hashicorp/aws\"]",
      "instances": [
        {
          "schema_version": 0,
          "attributes": {
            "arn": "arn:aws:imagebuilder:us-east-1:307549468616:infrastructure-configuration/my-infra",
            "date_created": "2022-06-30T08:37:13.728Z",
            "date_updated": "",
            "description": "",
            "id": "arn:aws:imagebuilder:us-east-1:307549468616:infrastructure-configuration/my-infra",
            "instance_profile_name": "ec2_profile20220630083704616900000004",
            "instance_types": [
              "t3.micro"
            ],
            "key_pair": "",
            "logging": [],
            "name": "my_infra",
            "resource_tags": null,
            "security_group_ids": null,
            "sns_topic_arn": "",
            "subnet_id": "",
            "tags": null,
            "tags_all": {},
            "terminate_instance_on_failure": false
          },
          "sensitive_attributes": [],
          "private": "bnVsbA==",
          "dependencies": [
            "module.my_module.aws_iam_instance_profile.ec2_profile",
            "module.my_module.aws_iam_role.ec2_profile"
          ]
        }
      ]
    }
  ]
}
